
Microsoft Visual Studio Solution File, Format Version 12.00
# Visual Studio Version 17
VisualStudioVersion = 17.7.34009.444
MinimumVisualStudioVersion = 10.0.40219.1
Project("{FAE04EC0-301F-11D3-BF4B-00C04F79EFBC}") = "Firstproject", "Firstproject\Firstproject.csproj", "{77A481D0-8209-41AD-8630-43DA78FC12EA}"
EndProject
Global
	GlobalSection(SolutionConfigurationPlatforms) = preSolution
		Debug|Any CPU = Debug|Any CPU
		Release|Any CPU = Release|Any CPU
	EndGlobalSection
	GlobalSection(ProjectConfigurationPlatforms) = postSolution
		{77A481D0-8209-41AD-8630-43DA78FC12EA}.Debug|Any CPU.ActiveCfg = Debug|Any CPU
		{77A481D0-8209-41AD-8630-43DA78FC12EA}.Debug|Any CPU.Build.0 = Debug|Any CPU
		{77A481D0-8209-41AD-8630-43DA78FC12EA}.Release|Any CPU.ActiveCfg = Release|Any CPU
		{77A481D0-8209-41AD-8630-43DA78FC12EA}.Release|Any CPU.Build.0 = Release|Any CPU
	EndGlobalSection
	GlobalSection(SolutionProperties) = preSolution
		HideSolutionNode = FALSE
	EndGlobalSection
	GlobalSection(ExtensibilityGlobals) = postSolution
		SolutionGuid = {22E39FA7-D3C4-47C2-8E1A-1FECCFF39502}
	EndGlobalSection
EndGlobal
